// !$*UTF8*$!
{
	archiveVersion = 1;
	classes = {
	};
	objectVersion = 50;
	objects = {

/* Begin PBXBuildFile section */
		1A2069D92194F56800AF049F /* AuthenticationController.swift in Sources */ = {isa = PBXBuildFile; fileRef = 1A2069D82194F56800AF049F /* AuthenticationController.swift */; };
		1A29E052218F54B900D0351F /* DefaultDeviceCell.swift in Sources */ = {isa = PBXBuildFile; fileRef = 1A29E051218F54B900D0351F /* DefaultDeviceCell.swift */; };
		1A29E054218F54C000D0351F /* LightCell.swift in Sources */ = {isa = PBXBuildFile; fileRef = 1A29E053218F54C000D0351F /* LightCell.swift */; };
		1A29E058218F57EA00D0351F /* Reuseable.swift in Sources */ = {isa = PBXBuildFile; fileRef = 1A29E057218F57EA00D0351F /* Reuseable.swift */; };
		1A29E05A218F5A4E00D0351F /* LoginCredentials.swift in Sources */ = {isa = PBXBuildFile; fileRef = 1A29E059218F5A4E00D0351F /* LoginCredentials.swift */; };
		1A29E05C218F6BCB00D0351F /* Light.swift in Sources */ = {isa = PBXBuildFile; fileRef = 1A29E05B218F6BCB00D0351F /* Light.swift */; };
		1A29E05E218F6F1600D0351F /* Colors.swift in Sources */ = {isa = PBXBuildFile; fileRef = 1A29E05D218F6F1600D0351F /* Colors.swift */; };
		1A4FF21E218F10AC00EAC20F /* AppDelegate.swift in Sources */ = {isa = PBXBuildFile; fileRef = 1A4FF21D218F10AC00EAC20F /* AppDelegate.swift */; };
		1A4FF220218F10AC00EAC20F /* LoginController.swift in Sources */ = {isa = PBXBuildFile; fileRef = 1A4FF21F218F10AC00EAC20F /* LoginController.swift */; };
		1A4FF223218F10AC00EAC20F /* Main.storyboard in Resources */ = {isa = PBXBuildFile; fileRef = 1A4FF221218F10AC00EAC20F /* Main.storyboard */; };
		1A4FF225218F10AC00EAC20F /* Assets.xcassets in Resources */ = {isa = PBXBuildFile; fileRef = 1A4FF224218F10AC00EAC20F /* Assets.xcassets */; };
		1A4FF228218F10AC00EAC20F /* LaunchScreen.storyboard in Resources */ = {isa = PBXBuildFile; fileRef = 1A4FF226218F10AC00EAC20F /* LaunchScreen.storyboard */; };
		1A4FF233218F10AD00EAC20F /* HiveTests.swift in Sources */ = {isa = PBXBuildFile; fileRef = 1A4FF232218F10AD00EAC20F /* HiveTests.swift */; };
		1A4FF23E218F10AD00EAC20F /* HiveUITests.swift in Sources */ = {isa = PBXBuildFile; fileRef = 1A4FF23D218F10AD00EAC20F /* HiveUITests.swift */; };
		1A4FF251218F114F00EAC20F /* LoginRequest.swift in Sources */ = {isa = PBXBuildFile; fileRef = 1A4FF24D218F114F00EAC20F /* LoginRequest.swift */; };
		1A4FF252218F114F00EAC20F /* ErrorResponse.swift in Sources */ = {isa = PBXBuildFile; fileRef = 1A4FF24E218F114F00EAC20F /* ErrorResponse.swift */; };
		1A4FF256218F118700EAC20F /* SettingsManager.swift in Sources */ = {isa = PBXBuildFile; fileRef = 1A4FF255218F118700EAC20F /* SettingsManager.swift */; };
		1A4FF258218F11AB00EAC20F /* RequestHandler.swift in Sources */ = {isa = PBXBuildFile; fileRef = 1A4FF257218F11AB00EAC20F /* RequestHandler.swift */; };
		1A4FF25B218F11CD00EAC20F /* Shared.swift in Sources */ = {isa = PBXBuildFile; fileRef = 1A4FF25A218F11CD00EAC20F /* Shared.swift */; };
		1A4FF25D218F120000EAC20F /* APIManager.swift in Sources */ = {isa = PBXBuildFile; fileRef = 1A4FF25C218F120000EAC20F /* APIManager.swift */; };
		1A4FF262218F19F600EAC20F /* Devices.swift in Sources */ = {isa = PBXBuildFile; fileRef = 1A4FF261218F19F600EAC20F /* Devices.swift */; };
		1A4FF266218F238E00EAC20F /* Login.swift in Sources */ = {isa = PBXBuildFile; fileRef = 1A4FF265218F238E00EAC20F /* Login.swift */; };
		1A4FF268218F2EC200EAC20F /* Segues.swift in Sources */ = {isa = PBXBuildFile; fileRef = 1A4FF267218F2EC200EAC20F /* Segues.swift */; };
		1A4FF26A218F356600EAC20F /* DeviceListController.swift in Sources */ = {isa = PBXBuildFile; fileRef = 1A4FF269218F356600EAC20F /* DeviceListController.swift */; };
		1A4FF26C218F35BC00EAC20F /* DeviceList.swift in Sources */ = {isa = PBXBuildFile; fileRef = 1A4FF26B218F35BC00EAC20F /* DeviceList.swift */; };
		1A89FACB21917CCE000A98FD /* Shortcuts.swift in Sources */ = {isa = PBXBuildFile; fileRef = 1A89FACA21917CCE000A98FD /* Shortcuts.swift */; };
		1AA41EE62190FC3F00DC21EB /* ActionRequest.swift in Sources */ = {isa = PBXBuildFile; fileRef = 1AA41EE52190FC3F00DC21EB /* ActionRequest.swift */; };
		1AA41EE82191024900DC21EB /* ActionCell.swift in Sources */ = {isa = PBXBuildFile; fileRef = 1AA41EE72191024900DC21EB /* ActionCell.swift */; };
		1AA41EEA2191036F00DC21EB /* Action.swift in Sources */ = {isa = PBXBuildFile; fileRef = 1AA41EE92191036F00DC21EB /* Action.swift */; };
		1AD9C34D218F9A71004882E9 /* SetBrightnessRequest.swift in Sources */ = {isa = PBXBuildFile; fileRef = 1A4FF24F218F114F00EAC20F /* SetBrightnessRequest.swift */; };
		1AD9C3502190DD76004882E9 /* ColourLightCell.swift in Sources */ = {isa = PBXBuildFile; fileRef = 1AD9C34F2190DD76004882E9 /* ColourLightCell.swift */; };
		1AD9C3522190DDBC004882E9 /* ColourLight.swift in Sources */ = {isa = PBXBuildFile; fileRef = 1AD9C3512190DDBC004882E9 /* ColourLight.swift */; };
		2CEE0CE241147C7B097FCC00 /* Pods_Hive.framework in Frameworks */ = {isa = PBXBuildFile; fileRef = 5ABD6020ADA429A2EEA42F31 /* Pods_Hive.framework */; };
/* End PBXBuildFile section */

/* Begin PBXContainerItemProxy section */
		1A4FF22F218F10AC00EAC20F /* PBXContainerItemProxy */ = {
			isa = PBXContainerItemProxy;
			containerPortal = 1A4FF212218F10AC00EAC20F /* Project object */;
			proxyType = 1;
			remoteGlobalIDString = 1A4FF219218F10AC00EAC20F;
			remoteInfo = Hive;
		};
		1A4FF23A218F10AD00EAC20F /* PBXContainerItemProxy */ = {
			isa = PBXContainerItemProxy;
			containerPortal = 1A4FF212218F10AC00EAC20F /* Project object */;
			proxyType = 1;
			remoteGlobalIDString = 1A4FF219218F10AC00EAC20F;
			remoteInfo = Hive;
		};
/* End PBXContainerItemProxy section */

/* Begin PBXFileReference section */
		1A2069D82194F56800AF049F /* AuthenticationController.swift */ = {isa = PBXFileReference; lastKnownFileType = sourcecode.swift; path = AuthenticationController.swift; sourceTree = "<group>"; };
		1A29E051218F54B900D0351F /* DefaultDeviceCell.swift */ = {isa = PBXFileReference; lastKnownFileType = sourcecode.swift; path = DefaultDeviceCell.swift; sourceTree = "<group>"; };
		1A29E053218F54C000D0351F /* LightCell.swift */ = {isa = PBXFileReference; lastKnownFileType = sourcecode.swift; path = LightCell.swift; sourceTree = "<group>"; };
		1A29E057218F57EA00D0351F /* Reuseable.swift */ = {isa = PBXFileReference; fileEncoding = 4; lastKnownFileType = sourcecode.swift; path = Reuseable.swift; sourceTree = "<group>"; };
		1A29E059218F5A4E00D0351F /* LoginCredentials.swift */ = {isa = PBXFileReference; lastKnownFileType = sourcecode.swift; path = LoginCredentials.swift; sourceTree = "<group>"; };
		1A29E05B218F6BCB00D0351F /* Light.swift */ = {isa = PBXFileReference; lastKnownFileType = sourcecode.swift; path = Light.swift; sourceTree = "<group>"; };
		1A29E05D218F6F1600D0351F /* Colors.swift */ = {isa = PBXFileReference; lastKnownFileType = sourcecode.swift; path = Colors.swift; sourceTree = "<group>"; };
		1A4FF21A218F10AC00EAC20F /* Hive.app */ = {isa = PBXFileReference; explicitFileType = wrapper.application; includeInIndex = 0; path = Hive.app; sourceTree = BUILT_PRODUCTS_DIR; };
		1A4FF21D218F10AC00EAC20F /* AppDelegate.swift */ = {isa = PBXFileReference; lastKnownFileType = sourcecode.swift; path = AppDelegate.swift; sourceTree = "<group>"; };
		1A4FF21F218F10AC00EAC20F /* LoginController.swift */ = {isa = PBXFileReference; lastKnownFileType = sourcecode.swift; path = LoginController.swift; sourceTree = "<group>"; };
		1A4FF222218F10AC00EAC20F /* Base */ = {isa = PBXFileReference; lastKnownFileType = file.storyboard; name = Base; path = Base.lproj/Main.storyboard; sourceTree = "<group>"; };
		1A4FF224218F10AC00EAC20F /* Assets.xcassets */ = {isa = PBXFileReference; lastKnownFileType = folder.assetcatalog; path = Assets.xcassets; sourceTree = "<group>"; };
		1A4FF227218F10AC00EAC20F /* Base */ = {isa = PBXFileReference; lastKnownFileType = file.storyboard; name = Base; path = Base.lproj/LaunchScreen.storyboard; sourceTree = "<group>"; };
		1A4FF229218F10AC00EAC20F /* Info.plist */ = {isa = PBXFileReference; lastKnownFileType = text.plist.xml; path = Info.plist; sourceTree = "<group>"; };
		1A4FF22E218F10AC00EAC20F /* HiveTests.xctest */ = {isa = PBXFileReference; explicitFileType = wrapper.cfbundle; includeInIndex = 0; path = HiveTests.xctest; sourceTree = BUILT_PRODUCTS_DIR; };
		1A4FF232218F10AD00EAC20F /* HiveTests.swift */ = {isa = PBXFileReference; lastKnownFileType = sourcecode.swift; path = HiveTests.swift; sourceTree = "<group>"; };
		1A4FF234218F10AD00EAC20F /* Info.plist */ = {isa = PBXFileReference; lastKnownFileType = text.plist.xml; path = Info.plist; sourceTree = "<group>"; };
		1A4FF239218F10AD00EAC20F /* HiveUITests.xctest */ = {isa = PBXFileReference; explicitFileType = wrapper.cfbundle; includeInIndex = 0; path = HiveUITests.xctest; sourceTree = BUILT_PRODUCTS_DIR; };
		1A4FF23D218F10AD00EAC20F /* HiveUITests.swift */ = {isa = PBXFileReference; lastKnownFileType = sourcecode.swift; path = HiveUITests.swift; sourceTree = "<group>"; };
		1A4FF23F218F10AD00EAC20F /* Info.plist */ = {isa = PBXFileReference; lastKnownFileType = text.plist.xml; path = Info.plist; sourceTree = "<group>"; };
		1A4FF24D218F114F00EAC20F /* LoginRequest.swift */ = {isa = PBXFileReference; fileEncoding = 4; lastKnownFileType = sourcecode.swift; path = LoginRequest.swift; sourceTree = "<group>"; };
		1A4FF24E218F114F00EAC20F /* ErrorResponse.swift */ = {isa = PBXFileReference; fileEncoding = 4; lastKnownFileType = sourcecode.swift; path = ErrorResponse.swift; sourceTree = "<group>"; };
		1A4FF24F218F114F00EAC20F /* SetBrightnessRequest.swift */ = {isa = PBXFileReference; fileEncoding = 4; lastKnownFileType = sourcecode.swift; path = SetBrightnessRequest.swift; sourceTree = "<group>"; };
		1A4FF255218F118700EAC20F /* SettingsManager.swift */ = {isa = PBXFileReference; fileEncoding = 4; lastKnownFileType = sourcecode.swift; path = SettingsManager.swift; sourceTree = "<group>"; };
		1A4FF257218F11AB00EAC20F /* RequestHandler.swift */ = {isa = PBXFileReference; fileEncoding = 4; lastKnownFileType = sourcecode.swift; path = RequestHandler.swift; sourceTree = "<group>"; };
		1A4FF25A218F11CD00EAC20F /* Shared.swift */ = {isa = PBXFileReference; fileEncoding = 4; lastKnownFileType = sourcecode.swift; path = Shared.swift; sourceTree = "<group>"; };
		1A4FF25C218F120000EAC20F /* APIManager.swift */ = {isa = PBXFileReference; lastKnownFileType = sourcecode.swift; path = APIManager.swift; sourceTree = "<group>"; };
		1A4FF261218F19F600EAC20F /* Devices.swift */ = {isa = PBXFileReference; lastKnownFileType = sourcecode.swift; path = Devices.swift; sourceTree = "<group>"; };
		1A4FF265218F238E00EAC20F /* Login.swift */ = {isa = PBXFileReference; lastKnownFileType = sourcecode.swift; path = Login.swift; sourceTree = "<group>"; };
		1A4FF267218F2EC200EAC20F /* Segues.swift */ = {isa = PBXFileReference; lastKnownFileType = sourcecode.swift; path = Segues.swift; sourceTree = "<group>"; };
		1A4FF269218F356600EAC20F /* DeviceListController.swift */ = {isa = PBXFileReference; lastKnownFileType = sourcecode.swift; path = DeviceListController.swift; sourceTree = "<group>"; };
		1A4FF26B218F35BC00EAC20F /* DeviceList.swift */ = {isa = PBXFileReference; lastKnownFileType = sourcecode.swift; path = DeviceList.swift; sourceTree = "<group>"; };
		1A89FACA21917CCE000A98FD /* Shortcuts.swift */ = {isa = PBXFileReference; lastKnownFileType = sourcecode.swift; path = Shortcuts.swift; sourceTree = "<group>"; };
		1AA41EE52190FC3F00DC21EB /* ActionRequest.swift */ = {isa = PBXFileReference; lastKnownFileType = sourcecode.swift; path = ActionRequest.swift; sourceTree = "<group>"; };
		1AA41EE72191024900DC21EB /* ActionCell.swift */ = {isa = PBXFileReference; lastKnownFileType = sourcecode.swift; path = ActionCell.swift; sourceTree = "<group>"; };
		1AA41EE92191036F00DC21EB /* Action.swift */ = {isa = PBXFileReference; lastKnownFileType = sourcecode.swift; path = Action.swift; sourceTree = "<group>"; };
		1AD9C34F2190DD76004882E9 /* ColourLightCell.swift */ = {isa = PBXFileReference; lastKnownFileType = sourcecode.swift; path = ColourLightCell.swift; sourceTree = "<group>"; };
		1AD9C3512190DDBC004882E9 /* ColourLight.swift */ = {isa = PBXFileReference; lastKnownFileType = sourcecode.swift; path = ColourLight.swift; sourceTree = "<group>"; };
		5ABD6020ADA429A2EEA42F31 /* Pods_Hive.framework */ = {isa = PBXFileReference; explicitFileType = wrapper.framework; includeInIndex = 0; path = Pods_Hive.framework; sourceTree = BUILT_PRODUCTS_DIR; };
		B458DB081403984B608DCA0D /* Pods-Hive.release.xcconfig */ = {isa = PBXFileReference; includeInIndex = 1; lastKnownFileType = text.xcconfig; name = "Pods-Hive.release.xcconfig"; path = "Pods/Target Support Files/Pods-Hive/Pods-Hive.release.xcconfig"; sourceTree = "<group>"; };
		ED6A0ABABC83F921D16A6739 /* Pods-Hive.debug.xcconfig */ = {isa = PBXFileReference; includeInIndex = 1; lastKnownFileType = text.xcconfig; name = "Pods-Hive.debug.xcconfig"; path = "Pods/Target Support Files/Pods-Hive/Pods-Hive.debug.xcconfig"; sourceTree = "<group>"; };
/* End PBXFileReference section */

/* Begin PBXFrameworksBuildPhase section */
		1A4FF217218F10AC00EAC20F /* Frameworks */ = {
			isa = PBXFrameworksBuildPhase;
			buildActionMask = 2147483647;
			files = (
				2CEE0CE241147C7B097FCC00 /* Pods_Hive.framework in Frameworks */,
			);
			runOnlyForDeploymentPostprocessing = 0;
		};
		1A4FF22B218F10AC00EAC20F /* Frameworks */ = {
			isa = PBXFrameworksBuildPhase;
			buildActionMask = 2147483647;
			files = (
			);
			runOnlyForDeploymentPostprocessing = 0;
		};
		1A4FF236218F10AD00EAC20F /* Frameworks */ = {
			isa = PBXFrameworksBuildPhase;
			buildActionMask = 2147483647;
			files = (
			);
			runOnlyForDeploymentPostprocessing = 0;
		};
/* End PBXFrameworksBuildPhase section */

/* Begin PBXGroup section */
		0C58F654298F32AE4EEE8CE4 /* Frameworks */ = {
			isa = PBXGroup;
			children = (
				5ABD6020ADA429A2EEA42F31 /* Pods_Hive.framework */,
			);
			name = Frameworks;
			sourceTree = "<group>";
		};
		1A4FF211218F10AC00EAC20F = {
			isa = PBXGroup;
			children = (
				1A4FF21C218F10AC00EAC20F /* Hive */,
				1A4FF231218F10AC00EAC20F /* HiveTests */,
				1A4FF23C218F10AD00EAC20F /* HiveUITests */,
				1A4FF21B218F10AC00EAC20F /* Products */,
				5564316D821E49033B630B0E /* Pods */,
				0C58F654298F32AE4EEE8CE4 /* Frameworks */,
			);
			sourceTree = "<group>";
		};
		1A4FF21B218F10AC00EAC20F /* Products */ = {
			isa = PBXGroup;
			children = (
				1A4FF21A218F10AC00EAC20F /* Hive.app */,
				1A4FF22E218F10AC00EAC20F /* HiveTests.xctest */,
				1A4FF239218F10AD00EAC20F /* HiveUITests.xctest */,
			);
			name = Products;
			sourceTree = "<group>";
		};
		1A4FF21C218F10AC00EAC20F /* Hive */ = {
			isa = PBXGroup;
			children = (
				1A4FF25A218F11CD00EAC20F /* Shared.swift */,
				1A29E057218F57EA00D0351F /* Reuseable.swift */,
				1A4FF254218F117C00EAC20F /* Services */,
				1A4FF260218F19E900EAC20F /* Model */,
				1A89FACC21917CE4000A98FD /* ViewModels */,
				1A4FF267218F2EC200EAC20F /* Segues.swift */,
				1A29E05D218F6F1600D0351F /* Colors.swift */,
				1A4FF21D218F10AC00EAC20F /* AppDelegate.swift */,
				1A4FF21F218F10AC00EAC20F /* LoginController.swift */,
				1A4FF269218F356600EAC20F /* DeviceListController.swift */,
				1A2069D82194F56800AF049F /* AuthenticationController.swift */,
				1A29E051218F54B900D0351F /* DefaultDeviceCell.swift */,
				1A29E053218F54C000D0351F /* LightCell.swift */,
				1AD9C34F2190DD76004882E9 /* ColourLightCell.swift */,
				1AA41EE72191024900DC21EB /* ActionCell.swift */,
				1A4FF221218F10AC00EAC20F /* Main.storyboard */,
				1A4FF224218F10AC00EAC20F /* Assets.xcassets */,
				1A4FF226218F10AC00EAC20F /* LaunchScreen.storyboard */,
				1A4FF229218F10AC00EAC20F /* Info.plist */,
			);
			path = Hive;
			sourceTree = "<group>";
		};
		1A4FF231218F10AC00EAC20F /* HiveTests */ = {
			isa = PBXGroup;
			children = (
				1A4FF232218F10AD00EAC20F /* HiveTests.swift */,
				1A4FF234218F10AD00EAC20F /* Info.plist */,
			);
			path = HiveTests;
			sourceTree = "<group>";
		};
		1A4FF23C218F10AD00EAC20F /* HiveUITests */ = {
			isa = PBXGroup;
			children = (
				1A4FF23D218F10AD00EAC20F /* HiveUITests.swift */,
				1A4FF23F218F10AD00EAC20F /* Info.plist */,
			);
			path = HiveUITests;
			sourceTree = "<group>";
		};
		1A4FF24B218F114F00EAC20F /* API */ = {
			isa = PBXGroup;
			children = (
				1A4FF24E218F114F00EAC20F /* ErrorResponse.swift */,
				1A4FF24D218F114F00EAC20F /* LoginRequest.swift */,
				1A4FF24F218F114F00EAC20F /* SetBrightnessRequest.swift */,
				1AA41EE52190FC3F00DC21EB /* ActionRequest.swift */,
			);
			path = API;
			sourceTree = "<group>";
		};
		1A4FF254218F117C00EAC20F /* Services */ = {
			isa = PBXGroup;
			children = (
				1A4FF255218F118700EAC20F /* SettingsManager.swift */,
				1A4FF257218F11AB00EAC20F /* RequestHandler.swift */,
				1A4FF25C218F120000EAC20F /* APIManager.swift */,
				1A29E059218F5A4E00D0351F /* LoginCredentials.swift */,
				1A89FACA21917CCE000A98FD /* Shortcuts.swift */,
				1A4FF24B218F114F00EAC20F /* API */,
			);
			path = Services;
			sourceTree = "<group>";
		};
		1A4FF260218F19E900EAC20F /* Model */ = {
			isa = PBXGroup;
			children = (
				1A4FF261218F19F600EAC20F /* Devices.swift */,
			);
			path = Model;
			sourceTree = "<group>";
		};
		1A89FACC21917CE4000A98FD /* ViewModels */ = {
			isa = PBXGroup;
			children = (
				1A4FF265218F238E00EAC20F /* Login.swift */,
				1A4FF26B218F35BC00EAC20F /* DeviceList.swift */,
				1A29E05B218F6BCB00D0351F /* Light.swift */,
				1AD9C3512190DDBC004882E9 /* ColourLight.swift */,
				1AA41EE92191036F00DC21EB /* Action.swift */,
			);
			path = ViewModels;
			sourceTree = "<group>";
		};
		5564316D821E49033B630B0E /* Pods */ = {
			isa = PBXGroup;
			children = (
				ED6A0ABABC83F921D16A6739 /* Pods-Hive.debug.xcconfig */,
				B458DB081403984B608DCA0D /* Pods-Hive.release.xcconfig */,
			);
			name = Pods;
			sourceTree = "<group>";
		};
/* End PBXGroup section */

/* Begin PBXNativeTarget section */
		1A4FF219218F10AC00EAC20F /* Hive */ = {
			isa = PBXNativeTarget;
			buildConfigurationList = 1A4FF242218F10AD00EAC20F /* Build configuration list for PBXNativeTarget "Hive" */;
			buildPhases = (
				3EC76598C28334F8D6E3E0E3 /* [CP] Check Pods Manifest.lock */,
				1A4FF216218F10AC00EAC20F /* Sources */,
				1A4FF217218F10AC00EAC20F /* Frameworks */,
				1A4FF218218F10AC00EAC20F /* Resources */,
				30AD29594EB80FB655F40A9D /* [CP] Embed Pods Frameworks */,
			);
			buildRules = (
			);
			dependencies = (
			);
			name = Hive;
			productName = Hive;
			productReference = 1A4FF21A218F10AC00EAC20F /* Hive.app */;
			productType = "com.apple.product-type.application";
		};
		1A4FF22D218F10AC00EAC20F /* HiveTests */ = {
			isa = PBXNativeTarget;
			buildConfigurationList = 1A4FF245218F10AD00EAC20F /* Build configuration list for PBXNativeTarget "HiveTests" */;
			buildPhases = (
				1A4FF22A218F10AC00EAC20F /* Sources */,
				1A4FF22B218F10AC00EAC20F /* Frameworks */,
				1A4FF22C218F10AC00EAC20F /* Resources */,
			);
			buildRules = (
			);
			dependencies = (
				1A4FF230218F10AC00EAC20F /* PBXTargetDependency */,
			);
			name = HiveTests;
			productName = HiveTests;
			productReference = 1A4FF22E218F10AC00EAC20F /* HiveTests.xctest */;
			productType = "com.apple.product-type.bundle.unit-test";
		};
		1A4FF238218F10AD00EAC20F /* HiveUITests */ = {
			isa = PBXNativeTarget;
			buildConfigurationList = 1A4FF248218F10AD00EAC20F /* Build configuration list for PBXNativeTarget "HiveUITests" */;
			buildPhases = (
				1A4FF235218F10AD00EAC20F /* Sources */,
				1A4FF236218F10AD00EAC20F /* Frameworks */,
				1A4FF237218F10AD00EAC20F /* Resources */,
			);
			buildRules = (
			);
			dependencies = (
				1A4FF23B218F10AD00EAC20F /* PBXTargetDependency */,
			);
			name = HiveUITests;
			productName = HiveUITests;
			productReference = 1A4FF239218F10AD00EAC20F /* HiveUITests.xctest */;
			productType = "com.apple.product-type.bundle.ui-testing";
		};
/* End PBXNativeTarget section */

/* Begin PBXProject section */
		1A4FF212218F10AC00EAC20F /* Project object */ = {
			isa = PBXProject;
			attributes = {
				LastSwiftUpdateCheck = 1010;
				LastUpgradeCheck = 1010;
				ORGANIZATIONNAME = "James Froggatt";
				TargetAttributes = {
					1A4FF219218F10AC00EAC20F = {
						CreatedOnToolsVersion = 10.1;
					};
					1A4FF22D218F10AC00EAC20F = {
						CreatedOnToolsVersion = 10.1;
						TestTargetID = 1A4FF219218F10AC00EAC20F;
					};
					1A4FF238218F10AD00EAC20F = {
						CreatedOnToolsVersion = 10.1;
						TestTargetID = 1A4FF219218F10AC00EAC20F;
					};
				};
			};
			buildConfigurationList = 1A4FF215218F10AC00EAC20F /* Build configuration list for PBXProject "Hive" */;
			compatibilityVersion = "Xcode 9.3";
			developmentRegion = en;
			hasScannedForEncodings = 0;
			knownRegions = (
				en,
				Base,
			);
			mainGroup = 1A4FF211218F10AC00EAC20F;
			productRefGroup = 1A4FF21B218F10AC00EAC20F /* Products */;
			projectDirPath = "";
			projectRoot = "";
			targets = (
				1A4FF219218F10AC00EAC20F /* Hive */,
				1A4FF22D218F10AC00EAC20F /* HiveTests */,
				1A4FF238218F10AD00EAC20F /* HiveUITests */,
			);
		};
/* End PBXProject section */

/* Begin PBXResourcesBuildPhase section */
		1A4FF218218F10AC00EAC20F /* Resources */ = {
			isa = PBXResourcesBuildPhase;
			buildActionMask = 2147483647;
			files = (
				1A4FF228218F10AC00EAC20F /* LaunchScreen.storyboard in Resources */,
				1A4FF225218F10AC00EAC20F /* Assets.xcassets in Resources */,
				1A4FF223218F10AC00EAC20F /* Main.storyboard in Resources */,
			);
			runOnlyForDeploymentPostprocessing = 0;
		};
		1A4FF22C218F10AC00EAC20F /* Resources */ = {
			isa = PBXResourcesBuildPhase;
			buildActionMask = 2147483647;
			files = (
			);
			runOnlyForDeploymentPostprocessing = 0;
		};
		1A4FF237218F10AD00EAC20F /* Resources */ = {
			isa = PBXResourcesBuildPhase;
			buildActionMask = 2147483647;
			files = (
			);
			runOnlyForDeploymentPostprocessing = 0;
		};
/* End PBXResourcesBuildPhase section */

/* Begin PBXShellScriptBuildPhase section */
		30AD29594EB80FB655F40A9D /* [CP] Embed Pods Frameworks */ = {
			isa = PBXShellScriptBuildPhase;
			buildActionMask = 2147483647;
			files = (
			);
			inputPaths = (
				"${SRCROOT}/Pods/Target Support Files/Pods-Hive/Pods-Hive-frameworks.sh",
				"${BUILT_PRODUCTS_DIR}/Alamofire/Alamofire.framework",
			);
			name = "[CP] Embed Pods Frameworks";
			outputPaths = (
				"${TARGET_BUILD_DIR}/${FRAMEWORKS_FOLDER_PATH}/Alamofire.framework",
			);
			runOnlyForDeploymentPostprocessing = 0;
			shellPath = /bin/sh;
			shellScript = "\"${SRCROOT}/Pods/Target Support Files/Pods-Hive/Pods-Hive-frameworks.sh\"\n";
			showEnvVarsInLog = 0;
		};
		3EC76598C28334F8D6E3E0E3 /* [CP] Check Pods Manifest.lock */ = {
			isa = PBXShellScriptBuildPhase;
			buildActionMask = 2147483647;
			files = (
			);
			inputPaths = (
				"${PODS_PODFILE_DIR_PATH}/Podfile.lock",
				"${PODS_ROOT}/Manifest.lock",
			);
			name = "[CP] Check Pods Manifest.lock";
			outputPaths = (
				"$(DERIVED_FILE_DIR)/Pods-Hive-checkManifestLockResult.txt",
			);
			runOnlyForDeploymentPostprocessing = 0;
			shellPath = /bin/sh;
			shellScript = "diff \"${PODS_PODFILE_DIR_PATH}/Podfile.lock\" \"${PODS_ROOT}/Manifest.lock\" > /dev/null\nif [ $? != 0 ] ; then\n    # print error to STDERR\n    echo \"error: The sandbox is not in sync with the Podfile.lock. Run 'pod install' or update your CocoaPods installation.\" >&2\n    exit 1\nfi\n# This output is used by Xcode 'outputs' to avoid re-running this script phase.\necho \"SUCCESS\" > \"${SCRIPT_OUTPUT_FILE_0}\"\n";
			showEnvVarsInLog = 0;
		};
/* End PBXShellScriptBuildPhase section */

/* Begin PBXSourcesBuildPhase section */
		1A4FF216218F10AC00EAC20F /* Sources */ = {
			isa = PBXSourcesBuildPhase;
			buildActionMask = 2147483647;
			files = (
				1AD9C3502190DD76004882E9 /* ColourLightCell.swift in Sources */,
				1AA41EEA2191036F00DC21EB /* Action.swift in Sources */,
				1A4FF262218F19F600EAC20F /* Devices.swift in Sources */,
				1A4FF26A218F356600EAC20F /* DeviceListController.swift in Sources */,
				1A4FF252218F114F00EAC20F /* ErrorResponse.swift in Sources */,
				1A4FF268218F2EC200EAC20F /* Segues.swift in Sources */,
				1A4FF266218F238E00EAC20F /* Login.swift in Sources */,
				1A29E05C218F6BCB00D0351F /* Light.swift in Sources */,
				1A29E05A218F5A4E00D0351F /* LoginCredentials.swift in Sources */,
				1A2069D92194F56800AF049F /* AuthenticationController.swift in Sources */,
				1A29E052218F54B900D0351F /* DefaultDeviceCell.swift in Sources */,
				1A29E05E218F6F1600D0351F /* Colors.swift in Sources */,
				1A4FF256218F118700EAC20F /* SettingsManager.swift in Sources */,
				1A4FF25D218F120000EAC20F /* APIManager.swift in Sources */,
				1AA41EE62190FC3F00DC21EB /* ActionRequest.swift in Sources */,
				1AD9C34D218F9A71004882E9 /* SetBrightnessRequest.swift in Sources */,
				1AD9C3522190DDBC004882E9 /* ColourLight.swift in Sources */,
				1A89FACB21917CCE000A98FD /* Shortcuts.swift in Sources */,
				1AA41EE82191024900DC21EB /* ActionCell.swift in Sources */,
				1A4FF220218F10AC00EAC20F /* LoginController.swift in Sources */,
				1A4FF21E218F10AC00EAC20F /* AppDelegate.swift in Sources */,
				1A29E058218F57EA00D0351F /* Reuseable.swift in Sources */,
				1A4FF25B218F11CD00EAC20F /* Shared.swift in Sources */,
				1A29E054218F54C000D0351F /* LightCell.swift in Sources */,
				1A4FF258218F11AB00EAC20F /* RequestHandler.swift in Sources */,
				1A4FF251218F114F00EAC20F /* LoginRequest.swift in Sources */,
				1A4FF26C218F35BC00EAC20F /* DeviceList.swift in Sources */,
			);
			runOnlyForDeploymentPostprocessing = 0;
		};
		1A4FF22A218F10AC00EAC20F /* Sources */ = {
			isa = PBXSourcesBuildPhase;
			buildActionMask = 2147483647;
			files = (
				1A4FF233218F10AD00EAC20F /* HiveTests.swift in Sources */,
			);
			runOnlyForDeploymentPostprocessing = 0;
		};
		1A4FF235218F10AD00EAC20F /* Sources */ = {
			isa = PBXSourcesBuildPhase;
			buildActionMask = 2147483647;
			files = (
				1A4FF23E218F10AD00EAC20F /* HiveUITests.swift in Sources */,
			);
			runOnlyForDeploymentPostprocessing = 0;
		};
/* End PBXSourcesBuildPhase section */

/* Begin PBXTargetDependency section */
		1A4FF230218F10AC00EAC20F /* PBXTargetDependency */ = {
			isa = PBXTargetDependency;
			target = 1A4FF219218F10AC00EAC20F /* Hive */;
			targetProxy = 1A4FF22F218F10AC00EAC20F /* PBXContainerItemProxy */;
		};
		1A4FF23B218F10AD00EAC20F /* PBXTargetDependency */ = {
			isa = PBXTargetDependency;
			target = 1A4FF219218F10AC00EAC20F /* Hive */;
			targetProxy = 1A4FF23A218F10AD00EAC20F /* PBXContainerItemProxy */;
		};
/* End PBXTargetDependency section */

/* Begin PBXVariantGroup section */
		1A4FF221218F10AC00EAC20F /* Main.storyboard */ = {
			isa = PBXVariantGroup;
			children = (
				1A4FF222218F10AC00EAC20F /* Base */,
			);
			name = Main.storyboard;
			sourceTree = "<group>";
		};
		1A4FF226218F10AC00EAC20F /* LaunchScreen.storyboard */ = {
			isa = PBXVariantGroup;
			children = (
				1A4FF227218F10AC00EAC20F /* Base */,
			);
			name = LaunchScreen.storyboard;
			sourceTree = "<group>";
		};
/* End PBXVariantGroup section */

/* Begin XCBuildConfiguration section */
		1A4FF240218F10AD00EAC20F /* Debug */ = {
			isa = XCBuildConfiguration;
			buildSettings = {
				ALWAYS_SEARCH_USER_PATHS = NO;
				CLANG_ANALYZER_NONNULL = YES;
				CLANG_ANALYZER_NUMBER_OBJECT_CONVERSION = YES_AGGRESSIVE;
				CLANG_CXX_LANGUAGE_STANDARD = "gnu++14";
				CLANG_CXX_LIBRARY = "libc++";
				CLANG_ENABLE_MODULES = YES;
				CLANG_ENABLE_OBJC_ARC = YES;
				CLANG_ENABLE_OBJC_WEAK = YES;
				CLANG_WARN_BLOCK_CAPTURE_AUTORELEASING = YES;
				CLANG_WARN_BOOL_CONVERSION = YES;
				CLANG_WARN_COMMA = YES;
				CLANG_WARN_CONSTANT_CONVERSION = YES;
				CLANG_WARN_DEPRECATED_OBJC_IMPLEMENTATIONS = YES;
				CLANG_WARN_DIRECT_OBJC_ISA_USAGE = YES_ERROR;
				CLANG_WARN_DOCUMENTATION_COMMENTS = YES;
				CLANG_WARN_EMPTY_BODY = YES;
				CLANG_WARN_ENUM_CONVERSION = YES;
				CLANG_WARN_INFINITE_RECURSION = YES;
				CLANG_WARN_INT_CONVERSION = YES;
				CLANG_WARN_NON_LITERAL_NULL_CONVERSION = YES;
				CLANG_WARN_OBJC_IMPLICIT_RETAIN_SELF = YES;
				CLANG_WARN_OBJC_LITERAL_CONVERSION = YES;
				CLANG_WARN_OBJC_ROOT_CLASS = YES_ERROR;
				CLANG_WARN_RANGE_LOOP_ANALYSIS = YES;
				CLANG_WARN_STRICT_PROTOTYPES = YES;
				CLANG_WARN_SUSPICIOUS_MOVE = YES;
				CLANG_WARN_UNGUARDED_AVAILABILITY = YES_AGGRESSIVE;
				CLANG_WARN_UNREACHABLE_CODE = YES;
				CLANG_WARN__DUPLICATE_METHOD_MATCH = YES;
				CODE_SIGN_IDENTITY = "iPhone Developer";
				COPY_PHASE_STRIP = NO;
				DEBUG_INFORMATION_FORMAT = dwarf;
				ENABLE_STRICT_OBJC_MSGSEND = YES;
				ENABLE_TESTABILITY = YES;
				GCC_C_LANGUAGE_STANDARD = gnu11;
				GCC_DYNAMIC_NO_PIC = NO;
				GCC_NO_COMMON_BLOCKS = YES;
				GCC_OPTIMIZATION_LEVEL = 0;
				GCC_PREPROCESSOR_DEFINITIONS = (
					"DEBUG=1",
					"$(inherited)",
				);
				GCC_WARN_64_TO_32_BIT_CONVERSION = YES;
				GCC_WARN_ABOUT_RETURN_TYPE = YES_ERROR;
				GCC_WARN_UNDECLARED_SELECTOR = YES;
				GCC_WARN_UNINITIALIZED_AUTOS = YES_AGGRESSIVE;
				GCC_WARN_UNUSED_FUNCTION = YES;
				GCC_WARN_UNUSED_VARIABLE = YES;
				IPHONEOS_DEPLOYMENT_TARGET = 12.1;
				MTL_ENABLE_DEBUG_INFO = INCLUDE_SOURCE;
				MTL_FAST_MATH = YES;
				ONLY_ACTIVE_ARCH = YES;
				SDKROOT = iphoneos;
				SWIFT_ACTIVE_COMPILATION_CONDITIONS = DEBUG;
				SWIFT_OPTIMIZATION_LEVEL = "-Onone";
			};
			name = Debug;
		};
		1A4FF241218F10AD00EAC20F /* Release */ = {
			isa = XCBuildConfiguration;
			buildSettings = {
				ALWAYS_SEARCH_USER_PATHS = NO;
				CLANG_ANALYZER_NONNULL = YES;
				CLANG_ANALYZER_NUMBER_OBJECT_CONVERSION = YES_AGGRESSIVE;
				CLANG_CXX_LANGUAGE_STANDARD = "gnu++14";
				CLANG_CXX_LIBRARY = "libc++";
				CLANG_ENABLE_MODULES = YES;
				CLANG_ENABLE_OBJC_ARC = YES;
				CLANG_ENABLE_OBJC_WEAK = YES;
				CLANG_WARN_BLOCK_CAPTURE_AUTORELEASING = YES;
				CLANG_WARN_BOOL_CONVERSION = YES;
				CLANG_WARN_COMMA = YES;
				CLANG_WARN_CONSTANT_CONVERSION = YES;
				CLANG_WARN_DEPRECATED_OBJC_IMPLEMENTATIONS = YES;
				CLANG_WARN_DIRECT_OBJC_ISA_USAGE = YES_ERROR;
				CLANG_WARN_DOCUMENTATION_COMMENTS = YES;
				CLANG_WARN_EMPTY_BODY = YES;
				CLANG_WARN_ENUM_CONVERSION = YES;
				CLANG_WARN_INFINITE_RECURSION = YES;
				CLANG_WARN_INT_CONVERSION = YES;
				CLANG_WARN_NON_LITERAL_NULL_CONVERSION = YES;
				CLANG_WARN_OBJC_IMPLICIT_RETAIN_SELF = YES;
				CLANG_WARN_OBJC_LITERAL_CONVERSION = YES;
				CLANG_WARN_OBJC_ROOT_CLASS = YES_ERROR;
				CLANG_WARN_RANGE_LOOP_ANALYSIS = YES;
				CLANG_WARN_STRICT_PROTOTYPES = YES;
				CLANG_WARN_SUSPICIOUS_MOVE = YES;
				CLANG_WARN_UNGUARDED_AVAILABILITY = YES_AGGRESSIVE;
				CLANG_WARN_UNREACHABLE_CODE = YES;
				CLANG_WARN__DUPLICATE_METHOD_MATCH = YES;
				CODE_SIGN_IDENTITY = "iPhone Developer";
				COPY_PHASE_STRIP = NO;
				DEBUG_INFORMATION_FORMAT = "dwarf-with-dsym";
				ENABLE_NS_ASSERTIONS = NO;
				ENABLE_STRICT_OBJC_MSGSEND = YES;
				GCC_C_LANGUAGE_STANDARD = gnu11;
				GCC_NO_COMMON_BLOCKS = YES;
				GCC_WARN_64_TO_32_BIT_CONVERSION = YES;
				GCC_WARN_ABOUT_RETURN_TYPE = YES_ERROR;
				GCC_WARN_UNDECLARED_SELECTOR = YES;
				GCC_WARN_UNINITIALIZED_AUTOS = YES_AGGRESSIVE;
				GCC_WARN_UNUSED_FUNCTION = YES;
				GCC_WARN_UNUSED_VARIABLE = YES;
				IPHONEOS_DEPLOYMENT_TARGET = 12.1;
				MTL_ENABLE_DEBUG_INFO = NO;
				MTL_FAST_MATH = YES;
				SDKROOT = iphoneos;
				SWIFT_COMPILATION_MODE = wholemodule;
				SWIFT_OPTIMIZATION_LEVEL = "-O";
				VALIDATE_PRODUCT = YES;
			};
			name = Release;
		};
		1A4FF243218F10AD00EAC20F /* Debug */ = {
			isa = XCBuildConfiguration;
			baseConfigurationReference = ED6A0ABABC83F921D16A6739 /* Pods-Hive.debug.xcconfig */;
			buildSettings = {
				ASSETCATALOG_COMPILER_APPICON_NAME = AppIcon;
				CODE_SIGN_STYLE = Automatic;
				DEVELOPMENT_TEAM = VKFDYMU9HJ;
				INFOPLIST_FILE = Hive/Info.plist;
				LD_RUNPATH_SEARCH_PATHS = (
					"$(inherited)",
					"@executable_path/Frameworks",
				);
				PRODUCT_BUNDLE_IDENTIFIER = James.Hive;
				PRODUCT_NAME = "$(TARGET_NAME)";
				SWIFT_VERSION = 4.2;
				TARGETED_DEVICE_FAMILY = "1,2";
			};
			name = Debug;
		};
		1A4FF244218F10AD00EAC20F /* Release */ = {
			isa = XCBuildConfiguration;
			baseConfigurationReference = B458DB081403984B608DCA0D /* Pods-Hive.release.xcconfig */;
			buildSettings = {
				ASSETCATALOG_COMPILER_APPICON_NAME = AppIcon;
				CODE_SIGN_STYLE = Automatic;
				DEVELOPMENT_TEAM = VKFDYMU9HJ;
				INFOPLIST_FILE = Hive/Info.plist;
				LD_RUNPATH_SEARCH_PATHS = (
					"$(inherited)",
					"@executable_path/Frameworks",
				);
				PRODUCT_BUNDLE_IDENTIFIER = James.Hive;
				PRODUCT_NAME = "$(TARGET_NAME)";
				SWIFT_VERSION = 4.2;
				TARGETED_DEVICE_FAMILY = "1,2";
			};
			name = Release;
		};
		1A4FF246218F10AD00EAC20F /* Debug */ = {
			isa = XCBuildConfiguration;
			buildSettings = {
				ALWAYS_EMBED_SWIFT_STANDARD_LIBRARIES = YES;
				BUNDLE_LOADER = "$(TEST_HOST)";
				CODE_SIGN_STYLE = Automatic;
				DEVELOPMENT_TEAM = VKFDYMU9HJ;
				INFOPLIST_FILE = HiveTests/Info.plist;
				LD_RUNPATH_SEARCH_PATHS = (
					"$(inherited)",
					"@executable_path/Frameworks",
					"@loader_path/Frameworks",
				);
				PRODUCT_BUNDLE_IDENTIFIER = James.HiveTests;
				PRODUCT_NAME = "$(TARGET_NAME)";
				SWIFT_VERSION = 4.2;
				TARGETED_DEVICE_FAMILY = "1,2";
				TEST_HOST = "$(BUILT_PRODUCTS_DIR)/Hive.app/Hive";
			};
			name = Debug;
		};
		1A4FF247218F10AD00EAC20F /* Release */ = {
			isa = XCBuildConfiguration;
			buildSettings = {
				ALWAYS_EMBED_SWIFT_STANDARD_LIBRARIES = YES;
				BUNDLE_LOADER = "$(TEST_HOST)";
				CODE_SIGN_STYLE = Automatic;
				DEVELOPMENT_TEAM = VKFDYMU9HJ;
				INFOPLIST_FILE = HiveTests/Info.plist;
				LD_RUNPATH_SEARCH_PATHS = (
					"$(inherited)",
					"@executable_path/Frameworks",
					"@loader_path/Frameworks",
				);
				PRODUCT_BUNDLE_IDENTIFIER = James.HiveTests;
				PRODUCT_NAME = "$(TARGET_NAME)";
				SWIFT_VERSION = 4.2;
				TARGETED_DEVICE_FAMILY = "1,2";
				TEST_HOST = "$(BUILT_PRODUCTS_DIR)/Hive.app/Hive";
			};
			name = Release;
		};
		1A4FF249218F10AD00EAC20F /* Debug */ = {
			isa = XCBuildConfiguration;
			buildSettings = {
				ALWAYS_EMBED_SWIFT_STANDARD_LIBRARIES = YES;
				CODE_SIGN_STYLE = Automatic;
				DEVELOPMENT_TEAM = VKFDYMU9HJ;
				INFOPLIST_FILE = HiveUITests/Info.plist;
				LD_RUNPATH_SEARCH_PATHS = (
					"$(inherited)",
					"@executable_path/Frameworks",
					"@loader_path/Frameworks",
				);
				PRODUCT_BUNDLE_IDENTIFIER = James.HiveUITests;
				PRODUCT_NAME = "$(TARGET_NAME)";
				SWIFT_VERSION = 4.2;
				TARGETED_DEVICE_FAMILY = "1,2";
				TEST_TARGET_NAME = Hive;
			};
			name = Debug;
		};
		1A4FF24A218F10AD00EAC20F /* Release */ = {
			isa = XCBuildConfiguration;
			buildSettings = {
				ALWAYS_EMBED_SWIFT_STANDARD_LIBRARIES = YES;
				CODE_SIGN_STYLE = Automatic;
				DEVELOPMENT_TEAM = VKFDYMU9HJ;
				INFOPLIST_FILE = HiveUITests/Info.plist;
				LD_RUNPATH_SEARCH_PATHS = (
					"$(inherited)",
					"@executable_path/Frameworks",
					"@loader_path/Frameworks",
				);
				PRODUCT_BUNDLE_IDENTIFIER = James.HiveUITests;
				PRODUCT_NAME = "$(TARGET_NAME)";
				SWIFT_VERSION = 4.2;
				TARGETED_DEVICE_FAMILY = "1,2";
				TEST_TARGET_NAME = Hive;
			};
			name = Release;
		};
/* End XCBuildConfiguration section */

/* Begin XCConfigurationList section */
		1A4FF215218F10AC00EAC20F /* Build configuration list for PBXProject "Hive" */ = {
			isa = XCConfigurationList;
			buildConfigurations = (
				1A4FF240218F10AD00EAC20F /* Debug */,
				1A4FF241218F10AD00EAC20F /* Release */,
			);
			defaultConfigurationIsVisible = 0;
			defaultConfigurationName = Release;
		};
		1A4FF242218F10AD00EAC20F /* Build configuration list for PBXNativeTarget "Hive" */ = {
			isa = XCConfigurationList;
			buildConfigurations = (
				1A4FF243218F10AD00EAC20F /* Debug */,
				1A4FF244218F10AD00EAC20F /* Release */,
			);
			defaultConfigurationIsVisible = 0;
			defaultConfigurationName = Release;
		};
		1A4FF245218F10AD00EAC20F /* Build configuration list for PBXNativeTarget "HiveTests" */ = {
			isa = XCConfigurationList;
			buildConfigurations = (
				1A4FF246218F10AD00EAC20F /* Debug */,
				1A4FF247218F10AD00EAC20F /* Release */,
			);
			defaultConfigurationIsVisible = 0;
			defaultConfigurationName = Release;
		};
		1A4FF248218F10AD00EAC20F /* Build configuration list for PBXNativeTarget "HiveUITests" */ = {
			isa = XCConfigurationList;
			buildConfigurations = (
				1A4FF249218F10AD00EAC20F /* Debug */,
				1A4FF24A218F10AD00EAC20F /* Release */,
			);
			defaultConfigurationIsVisible = 0;
			defaultConfigurationName = Release;
		};
/* End XCConfigurationList section */
	};
	rootObject = 1A4FF212218F10AC00EAC20F /* Project object */;
}
